// !$*UTF8*$!
{
	archiveVersion = 1;
	classes = {
	};
	objectVersion = 77;
	objects = {

/* Begin PBXContainerItemProxy section */
		6AF42FFE2FB08100003952C7 /* PBXContainerItemProxy */ = {
			isa = PBXContainerItemProxy;
			containerPortal = 6AF42FE82FB080FF003952C7 /* Project object */;
			proxyType = 1;
			remoteGlobalIDString = 6AF42FEF2FB080FF003952C7;
			remoteInfo = "Flare for Reddit";
		};
		6AF430082FB08100003952C7 /* PBXContainerItemProxy */ = {
			isa = PBXContainerItemProxy;
			containerPortal = 6AF42FE82FB080FF003952C7 /* Project object */;
			proxyType = 1;
			remoteGlobalIDString = 6AF42FEF2FB080FF003952C7;
			remoteInfo = "Flare for Reddit";
		};
/* End PBXContainerItemProxy section */

/* Begin PBXFileReference section */
		6AF42FF02FB080FF003952C7 /* Flare for Reddit.app */ = {isa = PBXFileReference; explicitFileType = wrapper.application; includeInIndex = 0; path = "Flare for Reddit.app"; sourceTree = BUILT_PRODUCTS_DIR; };
		6AF42FFD2FB08100003952C7 /* Flare for RedditTests.xctest */ = {isa = PBXFileReference; explicitFileType = wrapper.cfbundle; includeInIndex = 0; path = "Flare for RedditTests.xctest"; sourceTree = BUILT_PRODUCTS_DIR; };
		6AF430072FB08100003952C7 /* Flare for RedditUITests.xctest */ = {isa = PBXFileReference; explicitFileType = wrapper.cfbundle; includeInIndex = 0; path = "Flare for RedditUITests.xctest"; sourceTree = BUILT_PRODUCTS_DIR; };
/* End PBXFileReference section */

/* Begin PBXFileSystemSynchronizedRootGroup section */
		6AF42FF22FB080FF003952C7 /* Flare for Reddit */ = {
			isa = PBXFileSystemSynchronizedRootGroup;
			path = "Flare for Reddit";
			sourceTree = "<group>";
		};
		6AF430002FB08100003952C7 /* Flare for RedditTests */ = {
			isa = PBXFileSystemSynchronizedRootGroup;
			path = "Flare for RedditTests";
			sourceTree = "<group>";
		};
		6AF4300A2FB08100003952C7 /* Flare for RedditUITests */ = {
			isa = PBXFileSystemSynchronizedRootGroup;
			path = "Flare for RedditUITests";
			sourceTree = "<group>";
		};
/* End PBXFileSystemSynchronizedRootGroup section */

/* Begin PBXFrameworksBuildPhase section */
		6AF42FED2FB080FF003952C7 /* Frameworks */ = {
			isa = PBXFrameworksBuildPhase;
			buildActionMask = 2147483647;
			files = (
			);
			runOnlyForDeploymentPostprocessing = 0;
		};
		6AF42FFA2FB08100003952C7 /* Frameworks */ = {
			isa = PBXFrameworksBuildPhase;
			buildActionMask = 2147483647;
			files = (
			);
			runOnlyForDeploymentPostprocessing = 0;
		};
		6AF430042FB08100003952C7 /* Frameworks */ = {
			isa = PBXFrameworksBuildPhase;
			buildActionMask = 2147483647;
			files = (
			);
			runOnlyForDeploymentPostprocessing = 0;
		};
/* End PBXFrameworksBuildPhase section */

/* Begin PBXGroup section */
		6AF42FE72FB080FF003952C7 = {
			isa = PBXGroup;
			children = (
				6AF42FF22FB080FF003952C7 /* Flare for Reddit */,
				6AF430002FB08100003952C7 /* Flare for RedditTests */,
				6AF4300A2FB08100003952C7 /* Flare for RedditUITests */,
				6AF42FF12FB080FF003952C7 /* Products */,
			);
			sourceTree = "<group>";
		};
		6AF42FF12FB080FF003952C7 /* Products */ = {
			isa = PBXGroup;
			children = (
				6AF42FF02FB080FF003952C7 /* Flare for Reddit.app */,
				6AF42FFD2FB08100003952C7 /* Flare for RedditTests.xctest */,
				6AF430072FB08100003952C7 /* Flare for RedditUITests.xctest */,
			);
			name = Products;
			sourceTree = "<group>";
		};
/* End PBXGroup section */

/* Begin PBXNativeTarget section */
		6AF42FEF2FB080FF003952C7 /* Flare for Reddit */ = {
			isa = PBXNativeTarget;
			buildConfigurationList = 6AF430112FB08100003952C7 /* Build configuration list for PBXNativeTarget "Flare for Reddit" */;
			buildPhases = (
				6AF42FEC2FB080FF003952C7 /* Sources */,
				6AF42FED2FB080FF003952C7 /* Frameworks */,
				6AF42FEE2FB080FF003952C7 /* Resources */,
			);
			buildRules = (
			);
			dependencies = (
			);
			fileSystemSynchronizedGroups = (
				6AF42FF22FB080FF003952C7 /* Flare for Reddit */,
			);
			name = "Flare for Reddit";
			packageProductDependencies = (
				AA000006AA000006AA000006 /* Alamofire */,
				AA000007AA000007AA000007 /* GRDB */,
				AA000008AA000008AA000008 /* MarkdownUI */,
				AA000009AA000009AA000009 /* Nuke */,
				AA000010AA000010AA000010 /* KeychainAccess */,
			);
			productName = "Flare for Reddit";
			productReference = 6AF42FF02FB080FF003952C7 /* Flare for Reddit.app */;
			productType = "com.apple.product-type.application";
		};
		6AF42FFC2FB08100003952C7 /* Flare for RedditTests */ = {
			isa = PBXNativeTarget;
			buildConfigurationList = 6AF430142FB08100003952C7 /* Build configuration list for PBXNativeTarget "Flare for RedditTests" */;
			buildPhases = (
				6AF42FF92FB08100003952C7 /* Sources */,
				6AF42FFA2FB08100003952C7 /* Frameworks */,
				6AF42FFB2FB08100003952C7 /* Resources */,
			);
			buildRules = (
			);
			dependencies = (
				6AF42FFF2FB08100003952C7 /* PBXTargetDependency */,
			);
			fileSystemSynchronizedGroups = (
				6AF430002FB08100003952C7 /* Flare for RedditTests */,
			);
			name = "Flare for RedditTests";
			packageProductDependencies = (
			);
			productName = "Flare for RedditTests";
			productReference = 6AF42FFD2FB08100003952C7 /* Flare for RedditTests.xctest */;
			productType = "com.apple.product-type.bundle.unit-test";
		};
		6AF430062FB08100003952C7 /* Flare for RedditUITests */ = {
			isa = PBXNativeTarget;
			buildConfigurationList = 6AF430172FB08100003952C7 /* Build configuration list for PBXNativeTarget "Flare for RedditUITests" */;
			buildPhases = (
				6AF430032FB08100003952C7 /* Sources */,
				6AF430042FB08100003952C7 /* Frameworks */,
				6AF430052FB08100003952C7 /* Resources */,
			);
			buildRules = (
			);
			dependencies = (
				6AF430092FB08100003952C7 /* PBXTargetDependency */,
			);
			fileSystemSynchronizedGroups = (
				6AF4300A2FB08100003952C7 /* Flare for RedditUITests */,
			);
			name = "Flare for RedditUITests";
			packageProductDependencies = (
			);
			productName = "Flare for RedditUITests";
			productReference = 6AF430072FB08100003952C7 /* Flare for RedditUITests.xctest */;
			productType = "com.apple.product-type.bundle.ui-testing";
		};
/* End PBXNativeTarget section */

/* Begin PBXProject section */
		6AF42FE82FB080FF003952C7 /* Project object */ = {
			isa = PBXProject;
			attributes = {
				BuildIndependentTargetsInParallel = 1;
				LastSwiftUpdateCheck = 2640;
				LastUpgradeCheck = 2640;
				TargetAttributes = {
					6AF42FEF2FB080FF003952C7 = {
						CreatedOnToolsVersion = 26.4.1;
					};
					6AF42FFC2FB08100003952C7 = {
						CreatedOnToolsVersion = 26.4.1;
						TestTargetID = 6AF42FEF2FB080FF003952C7;
					};
					6AF430062FB08100003952C7 = {
						CreatedOnToolsVersion = 26.4.1;
						TestTargetID = 6AF42FEF2FB080FF003952C7;
					};
				};
			};
			buildConfigurationList = 6AF42FEB2FB080FF003952C7 /* Build configuration list for PBXProject "Flare for Reddit" */;
			developmentRegion = en;
			hasScannedForEncodings = 0;
			knownRegions = (
				en,
				Base,
			);
			mainGroup = 6AF42FE72FB080FF003952C7;
			minimizedProjectReferenceProxies = 1;
			preferredProjectObjectVersion = 77;
			productRefGroup = 6AF42FF12FB080FF003952C7 /* Products */;
			projectDirPath = "";
			projectRoot = "";
			packageReferences = (
				AA000001AA000001AA000001 /* XCRemoteSwiftPackageReference "Alamofire" */,
				AA000002AA000002AA000002 /* XCRemoteSwiftPackageReference "GRDB.swift" */,
				AA000003AA000003AA000003 /* XCRemoteSwiftPackageReference "MarkdownUI" */,
				AA000004AA000004AA000004 /* XCRemoteSwiftPackageReference "Nuke" */,
				AA000005AA000005AA000005 /* XCRemoteSwiftPackageReference "KeychainAccess" */,
			);
			targets = (
				6AF42FEF2FB080FF003952C7 /* Flare for Reddit */,
				6AF42FFC2FB08100003952C7 /* Flare for RedditTests */,
				6AF430062FB08100003952C7 /* Flare for RedditUITests */,
			);
		};
/* End PBXProject section */

/* Begin PBXResourcesBuildPhase section */
		6AF42FEE2FB080FF003952C7 /* Resources */ = {
			isa = PBXResourcesBuildPhase;
			buildActionMask = 2147483647;
			files = (
			);
			runOnlyForDeploymentPostprocessing = 0;
		};
		6AF42FFB2FB08100003952C7 /* Resources */ = {
			isa = PBXResourcesBuildPhase;
			buildActionMask = 2147483647;
			files = (
			);
			runOnlyForDeploymentPostprocessing = 0;
		};
		6AF430052FB08100003952C7 /* Resources */ = {
			isa = PBXResourcesBuildPhase;
			buildActionMask = 2147483647;
			files = (
			);
			runOnlyForDeploymentPostprocessing = 0;
		};
/* End PBXResourcesBuildPhase section */

/* Begin PBXSourcesBuildPhase section */
		6AF42FEC2FB080FF003952C7 /* Sources */ = {
			isa = PBXSourcesBuildPhase;
			buildActionMask = 2147483647;
			files = (
			);
			runOnlyForDeploymentPostprocessing = 0;
		};
		6AF42FF92FB08100003952C7 /* Sources */ = {
			isa = PBXSourcesBuildPhase;
			buildActionMask = 2147483647;
			files = (
			);
			runOnlyForDeploymentPostprocessing = 0;
		};
		6AF430032FB08100003952C7 /* Sources */ = {
			isa = PBXSourcesBuildPhase;
			buildActionMask = 2147483647;
			files = (
			);
			runOnlyForDeploymentPostprocessing = 0;
		};
/* End PBXSourcesBuildPhase section */

/* Begin PBXTargetDependency section */
		6AF42FFF2FB08100003952C7 /* PBXTargetDependency */ = {
			isa = PBXTargetDependency;
			target = 6AF42FEF2FB080FF003952C7 /* Flare for Reddit */;
			targetProxy = 6AF42FFE2FB08100003952C7 /* PBXContainerItemProxy */;
		};
		6AF430092FB08100003952C7 /* PBXTargetDependency */ = {
			isa = PBXTargetDependency;
			target = 6AF42FEF2FB080FF003952C7 /* Flare for Reddit */;
			targetProxy = 6AF430082FB08100003952C7 /* PBXContainerItemProxy */;
		};
/* End PBXTargetDependency section */

/* Begin XCRemoteSwiftPackageReference section */
		AA000001AA000001AA000001 /* XCRemoteSwiftPackageReference "Alamofire" */ = {
			isa = XCRemoteSwiftPackageReference;
			repositoryURL = "https://github.com/Alamofire/Alamofire.git";
			requirement = {
				kind = upToNextMajorVersion;
				minimumVersion = 5.10.0;
			};
		};
		AA000002AA000002AA000002 /* XCRemoteSwiftPackageReference "GRDB.swift" */ = {
			isa = XCRemoteSwiftPackageReference;
			repositoryURL = "https://github.com/groue/GRDB.swift.git";
			requirement = {
				kind = upToNextMajorVersion;
				minimumVersion = 7.0.0;
			};
		};
		AA000003AA000003AA000003 /* XCRemoteSwiftPackageReference "MarkdownUI" */ = {
			isa = XCRemoteSwiftPackageReference;
			repositoryURL = "https://github.com/gonzalezreal/swift-markdown-ui.git";
			requirement = {
				kind = upToNextMajorVersion;
				minimumVersion = 2.0.0;
			};
		};
		AA000004AA000004AA000004 /* XCRemoteSwiftPackageReference "Nuke" */ = {
			isa = XCRemoteSwiftPackageReference;
			repositoryURL = "https://github.com/kean/Nuke.git";
			requirement = {
				kind = upToNextMajorVersion;
				minimumVersion = 12.0.0;
			};
		};
		AA000005AA000005AA000005 /* XCRemoteSwiftPackageReference "KeychainAccess" */ = {
			isa = XCRemoteSwiftPackageReference;
			repositoryURL = "https://github.com/kishikawakatsumi/KeychainAccess.git";
			requirement = {
				kind = upToNextMajorVersion;
				minimumVersion = 4.0.0;
			};
		};
/* End XCRemoteSwiftPackageReference section */

/* Begin XCSwiftPackageProductDependency section */
		AA000006AA000006AA000006 /* Alamofire */ = {
			isa = XCSwiftPackageProductDependency;
			package = AA000001AA000001AA000001 /* XCRemoteSwiftPackageReference "Alamofire" */;
			productName = Alamofire;
		};
		AA000007AA000007AA000007 /* GRDB */ = {
			isa = XCSwiftPackageProductDependency;
			package = AA000002AA000002AA000002 /* XCRemoteSwiftPackageReference "GRDB.swift" */;
			productName = GRDB;
		};
		AA000008AA000008AA000008 /* MarkdownUI */ = {
			isa = XCSwiftPackageProductDependency;
			package = AA000003AA000003AA000003 /* XCRemoteSwiftPackageReference "MarkdownUI" */;
			productName = MarkdownUI;
		};
		AA000009AA000009AA000009 /* NukeUI */ = {
			isa = XCSwiftPackageProductDependency;
			package = AA000004AA000004AA000004 /* XCRemoteSwiftPackageReference "Nuke" */;
			productName = NukeUI;
		};
		AA000010AA000010AA000010 /* KeychainAccess */ = {
			isa = XCSwiftPackageProductDependency;
			package = AA000005AA000005AA000005 /* XCRemoteSwiftPackageReference "KeychainAccess" */;
			productName = KeychainAccess;
		};
/* End XCSwiftPackageProductDependency section */

/* Begin XCBuildConfiguration section */
		6AF4300F2FB08100003952C7 /* Debug */ = {
			isa = XCBuildConfiguration;
			buildSettings = {
				ALWAYS_SEARCH_USER_PATHS = NO;
				ASSETCATALOG_COMPILER_GENERATE_SWIFT_ASSET_SYMBOL_EXTENSIONS = YES;
				CLANG_ANALYZER_NONNULL = YES;
				CLANG_ANALYZER_NUMBER_OBJECT_CONVERSION = YES_AGGRESSIVE;
				CLANG_CXX_LANGUAGE_STANDARD = "gnu++20";
				CLANG_ENABLE_MODULES = YES;
				CLANG_ENABLE_OBJC_ARC = YES;
				CLANG_ENABLE_OBJC_WEAK = YES;
				CLANG_WARN_BLOCK_CAPTURE_AUTORELEASING = YES;
				CLANG_WARN_BOOL_CONVERSION = YES;
				CLANG_WARN_COMMA = YES;
				CLANG_WARN_CONSTANT_CONVERSION = YES;
				CLANG_WARN_DEPRECATED_OBJC_IMPLEMENTATIONS = YES;
				CLANG_WARN_DIRECT_OBJC_ISA_USAGE = YES_ERROR;
				CLANG_WARN_DOCUMENTATION_COMMENTS = YES;
				CLANG_WARN_EMPTY_BODY = YES;
				CLANG_WARN_ENUM_CONVERSION = YES;
				CLANG_WARN_INFINITE_RECURSION = YES;
				CLANG_WARN_INT_CONVERSION = YES;
				CLANG_WARN_NON_LITERAL_NULL_CONVERSION = YES;
				CLANG_WARN_OBJC_IMPLICIT_RETAIN_SELF = YES;
				CLANG_WARN_OBJC_LITERAL_CONVERSION = YES;
				CLANG_WARN_OBJC_ROOT_CLASS = YES_ERROR;
				CLANG_WARN_QUOTED_INCLUDE_IN_FRAMEWORK_HEADER = YES;
				CLANG_WARN_RANGE_LOOP_ANALYSIS = YES;
				CLANG_WARN_STRICT_PROTOTYPES = YES;
				CLANG_WARN_SUSPICIOUS_MOVE = YES;
				CLANG_WARN_UNGUARDED_AVAILABILITY = YES_AGGRESSIVE;
				CLANG_WARN_UNREACHABLE_CODE = YES;
				CLANG_WARN__DUPLICATE_METHOD_MATCH = YES;
				COPY_PHASE_STRIP = NO;
				DEBUG_INFORMATION_FORMAT = dwarf;
				DEVELOPMENT_TEAM = JP4TN5PTS3;
				ENABLE_STRICT_OBJC_MSGSEND = YES;
				ENABLE_TESTABILITY = YES;
				ENABLE_USER_SCRIPT_SANDBOXING = YES;
				GCC_C_LANGUAGE_STANDARD = gnu17;
				GCC_DYNAMIC_NO_PIC = NO;
				GCC_NO_COMMON_BLOCKS = YES;
				GCC_OPTIMIZATION_LEVEL = 0;
				GCC_PREPROCESSOR_DEFINITIONS = (
					"DEBUG=1",
					"$(inherited)",
				);
				GCC_WARN_64_TO_32_BIT_CONVERSION = YES;
				GCC_WARN_ABOUT_RETURN_TYPE = YES_ERROR;
				GCC_WARN_UNDECLARED_SELECTOR = YES;
				GCC_WARN_UNINITIALIZED_AUTOS = YES_AGGRESSIVE;
				GCC_WARN_UNUSED_FUNCTION = YES;
				GCC_WARN_UNUSED_VARIABLE = YES;
				IPHONEOS_DEPLOYMENT_TARGET = 26.4;
				LOCALIZATION_PREFERS_STRING_CATALOGS = YES;
				MTL_ENABLE_DEBUG_INFO = INCLUDE_SOURCE;
				MTL_FAST_MATH = YES;
				ONLY_ACTIVE_ARCH = YES;
				SDKROOT = iphoneos;
				SWIFT_ACTIVE_COMPILATION_CONDITIONS = "DEBUG $(inherited)";
				SWIFT_OPTIMIZATION_LEVEL = "-Onone";
			};
			name = Debug;
		};
		6AF430102FB08100003952C7 /* Release */ = {
			isa = XCBuildConfiguration;
			buildSettings = {
				ALWAYS_SEARCH_USER_PATHS = NO;
				ASSETCATALOG_COMPILER_GENERATE_SWIFT_ASSET_SYMBOL_EXTENSIONS = YES;
				CLANG_ANALYZER_NONNULL = YES;
				CLANG_ANALYZER_NUMBER_OBJECT_CONVERSION = YES_AGGRESSIVE;
				CLANG_CXX_LANGUAGE_STANDARD = "gnu++20";
				CLANG_ENABLE_MODULES = YES;
				CLANG_ENABLE_OBJC_ARC = YES;
				CLANG_ENABLE_OBJC_WEAK = YES;
				CLANG_WARN_BLOCK_CAPTURE_AUTORELEASING = YES;
				CLANG_WARN_BOOL_CONVERSION = YES;
				CLANG_WARN_COMMA = YES;
				CLANG_WARN_CONSTANT_CONVERSION = YES;
				CLANG_WARN_DEPRECATED_OBJC_IMPLEMENTATIONS = YES;
				CLANG_WARN_DIRECT_OBJC_ISA_USAGE = YES_ERROR;
				CLANG_WARN_DOCUMENTATION_COMMENTS = YES;
				CLANG_WARN_EMPTY_BODY = YES;
				CLANG_WARN_ENUM_CONVERSION = YES;
				CLANG_WARN_INFINITE_RECURSION = YES;
				CLANG_WARN_INT_CONVERSION = YES;
				CLANG_WARN_NON_LITERAL_NULL_CONVERSION = YES;
				CLANG_WARN_OBJC_IMPLICIT_RETAIN_SELF = YES;
				CLANG_WARN_OBJC_LITERAL_CONVERSION = YES;
				CLANG_WARN_OBJC_ROOT_CLASS = YES_ERROR;
				CLANG_WARN_QUOTED_INCLUDE_IN_FRAMEWORK_HEADER = YES;
				CLANG_WARN_RANGE_LOOP_ANALYSIS = YES;
				CLANG_WARN_STRICT_PROTOTYPES = YES;
				CLANG_WARN_SUSPICIOUS_MOVE = YES;
				CLANG_WARN_UNGUARDED_AVAILABILITY = YES_AGGRESSIVE;
				CLANG_WARN_UNREACHABLE_CODE = YES;
				CLANG_WARN__DUPLICATE_METHOD_MATCH = YES;
				COPY_PHASE_STRIP = NO;
				DEBUG_INFORMATION_FORMAT = "dwarf-with-dsym";
				DEVELOPMENT_TEAM = JP4TN5PTS3;
				ENABLE_NS_ASSERTIONS = NO;
				ENABLE_STRICT_OBJC_MSGSEND = YES;
				ENABLE_USER_SCRIPT_SANDBOXING = YES;
				GCC_C_LANGUAGE_STANDARD = gnu17;
				GCC_NO_COMMON_BLOCKS = YES;
				GCC_WARN_64_TO_32_BIT_CONVERSION = YES;
				GCC_WARN_ABOUT_RETURN_TYPE = YES_ERROR;
				GCC_WARN_UNDECLARED_SELECTOR = YES;
				GCC_WARN_UNINITIALIZED_AUTOS = YES_AGGRESSIVE;
				GCC_WARN_UNUSED_FUNCTION = YES;
				GCC_WARN_UNUSED_VARIABLE = YES;
				IPHONEOS_DEPLOYMENT_TARGET = 26.4;
				LOCALIZATION_PREFERS_STRING_CATALOGS = YES;
				MTL_ENABLE_DEBUG_INFO = NO;
				MTL_FAST_MATH = YES;
				SDKROOT = iphoneos;
				SWIFT_COMPILATION_MODE = wholemodule;
				VALIDATE_PRODUCT = YES;
			};
			name = Release;
		};
		6AF430122FB08100003952C7 /* Debug */ = {
			isa = XCBuildConfiguration;
			buildSettings = {
				ASSETCATALOG_COMPILER_APPICON_NAME = AppIcon;
				ASSETCATALOG_COMPILER_GLOBAL_ACCENT_COLOR_NAME = AccentColor;
				CODE_SIGN_STYLE = Automatic;
				CURRENT_PROJECT_VERSION = 1;
				DEVELOPMENT_TEAM = JP4TN5PTS3;
				ENABLE_PREVIEWS = YES;
				GENERATE_INFOPLIST_FILE = YES;
				INFOPLIST_KEY_UIApplicationSceneManifest_Generation = YES;
				INFOPLIST_KEY_UIApplicationSupportsIndirectInputEvents = YES;
				INFOPLIST_KEY_UILaunchScreen_Generation = YES;
				INFOPLIST_KEY_UISupportedInterfaceOrientations_iPad = "UIInterfaceOrientationPortrait UIInterfaceOrientationPortraitUpsideDown UIInterfaceOrientationLandscapeLeft UIInterfaceOrientationLandscapeRight";
				INFOPLIST_KEY_UISupportedInterfaceOrientations_iPhone = "UIInterfaceOrientationPortrait UIInterfaceOrientationLandscapeLeft UIInterfaceOrientationLandscapeRight";
				IPHONEOS_DEPLOYMENT_TARGET = 17;
				LD_RUNPATH_SEARCH_PATHS = (
					"$(inherited)",
					"@executable_path/Frameworks",
				);
				MARKETING_VERSION = 1.0;
				PRODUCT_BUNDLE_IDENTIFIER = "com.zzoutuo.Flare-for-Reddit";
				PRODUCT_NAME = "$(TARGET_NAME)";
				STRING_CATALOG_GENERATE_SYMBOLS = YES;
				SWIFT_APPROACHABLE_CONCURRENCY = YES;
				SWIFT_DEFAULT_ACTOR_ISOLATION = nonisolated;
				SWIFT_EMIT_LOC_STRINGS = YES;
				SWIFT_UPCOMING_FEATURE_MEMBER_IMPORT_VISIBILITY = YES;
				SWIFT_VERSION = 5.0;
				TARGETED_DEVICE_FAMILY = "1,2";
			};
			name = Debug;
		};
		6AF430132FB08100003952C7 /* Release */ = {
			isa = XCBuildConfiguration;
			buildSettings = {
				ASSETCATALOG_COMPILER_APPICON_NAME = AppIcon;
				ASSETCATALOG_COMPILER_GLOBAL_ACCENT_COLOR_NAME = AccentColor;
				CODE_SIGN_STYLE = Automatic;
				CURRENT_PROJECT_VERSION = 1;
				DEVELOPMENT_TEAM = JP4TN5PTS3;
				ENABLE_PREVIEWS = YES;
				GENERATE_INFOPLIST_FILE = YES;
				INFOPLIST_KEY_UIApplicationSceneManifest_Generation = YES;
				INFOPLIST_KEY_UIApplicationSupportsIndirectInputEvents = YES;
				INFOPLIST_KEY_UILaunchScreen_Generation = YES;
				INFOPLIST_KEY_UISupportedInterfaceOrientations_iPad = "UIInterfaceOrientationPortrait UIInterfaceOrientationPortraitUpsideDown UIInterfaceOrientationLandscapeLeft UIInterfaceOrientationLandscapeRight";
				INFOPLIST_KEY_UISupportedInterfaceOrientations_iPhone = "UIInterfaceOrientationPortrait UIInterfaceOrientationLandscapeLeft UIInterfaceOrientationLandscapeRight";
				IPHONEOS_DEPLOYMENT_TARGET = 17;
				LD_RUNPATH_SEARCH_PATHS = (
					"$(inherited)",
					"@executable_path/Frameworks",
				);
				MARKETING_VERSION = 1.0;
				PRODUCT_BUNDLE_IDENTIFIER = "com.zzoutuo.Flare-for-Reddit";
				PRODUCT_NAME = "$(TARGET_NAME)";
				STRING_CATALOG_GENERATE_SYMBOLS = YES;
				SWIFT_APPROACHABLE_CONCURRENCY = YES;
				SWIFT_DEFAULT_ACTOR_ISOLATION = nonisolated;
				SWIFT_EMIT_LOC_STRINGS = YES;
				SWIFT_UPCOMING_FEATURE_MEMBER_IMPORT_VISIBILITY = YES;
				SWIFT_VERSION = 5.0;
				TARGETED_DEVICE_FAMILY = "1,2";
			};
			name = Release;
		};
		6AF430152FB08100003952C7 /* Debug */ = {
			isa = XCBuildConfiguration;
			buildSettings = {
				BUNDLE_LOADER = "$(TEST_HOST)";
				CODE_SIGN_STYLE = Automatic;
				CURRENT_PROJECT_VERSION = 1;
				DEVELOPMENT_TEAM = JP4TN5PTS3;
				GENERATE_INFOPLIST_FILE = YES;
				IPHONEOS_DEPLOYMENT_TARGET = 26.4;
				MARKETING_VERSION = 1.0;
				PRODUCT_BUNDLE_IDENTIFIER = "com.zzoutuo.Flare-for-Reddit.Flare-for-RedditTests";
				PRODUCT_NAME = "$(TARGET_NAME)";
				STRING_CATALOG_GENERATE_SYMBOLS = NO;
				SWIFT_APPROACHABLE_CONCURRENCY = YES;
				SWIFT_EMIT_LOC_STRINGS = NO;
				SWIFT_UPCOMING_FEATURE_MEMBER_IMPORT_VISIBILITY = YES;
				SWIFT_VERSION = 5.0;
				TARGETED_DEVICE_FAMILY = "1,2";
				TEST_HOST = "$(BUILT_PRODUCTS_DIR)/Flare for Reddit.app/$(BUNDLE_EXECUTABLE_FOLDER_PATH)/Flare for Reddit";
			};
			name = Debug;
		};
		6AF430162FB08100003952C7 /* Release */ = {
			isa = XCBuildConfiguration;
			buildSettings = {
				BUNDLE_LOADER = "$(TEST_HOST)";
				CODE_SIGN_STYLE = Automatic;
				CURRENT_PROJECT_VERSION = 1;
				DEVELOPMENT_TEAM = JP4TN5PTS3;
				GENERATE_INFOPLIST_FILE = YES;
				IPHONEOS_DEPLOYMENT_TARGET = 26.4;
				MARKETING_VERSION = 1.0;
				PRODUCT_BUNDLE_IDENTIFIER = "com.zzoutuo.Flare-for-Reddit.Flare-for-RedditTests";
				PRODUCT_NAME = "$(TARGET_NAME)";
				STRING_CATALOG_GENERATE_SYMBOLS = NO;
				SWIFT_APPROACHABLE_CONCURRENCY = YES;
				SWIFT_EMIT_LOC_STRINGS = NO;
				SWIFT_UPCOMING_FEATURE_MEMBER_IMPORT_VISIBILITY = YES;
				SWIFT_VERSION = 5.0;
				TARGETED_DEVICE_FAMILY = "1,2";
				TEST_HOST = "$(BUILT_PRODUCTS_DIR)/Flare for Reddit.app/$(BUNDLE_EXECUTABLE_FOLDER_PATH)/Flare for Reddit";
			};
			name = Release;
		};
		6AF430182FB08100003952C7 /* Debug */ = {
			isa = XCBuildConfiguration;
			buildSettings = {
				CODE_SIGN_STYLE = Automatic;
				CURRENT_PROJECT_VERSION = 1;
				DEVELOPMENT_TEAM = JP4TN5PTS3;
				GENERATE_INFOPLIST_FILE = YES;
				MARKETING_VERSION = 1.0;
				PRODUCT_BUNDLE_IDENTIFIER = "com.zzoutuo.Flare-for-Reddit.Flare-for-RedditUITests";
				PRODUCT_NAME = "$(TARGET_NAME)";
				STRING_CATALOG_GENERATE_SYMBOLS = NO;
				SWIFT_APPROACHABLE_CONCURRENCY = YES;
				SWIFT_EMIT_LOC_STRINGS = NO;
				SWIFT_UPCOMING_FEATURE_MEMBER_IMPORT_VISIBILITY = YES;
				SWIFT_VERSION = 5.0;
				TARGETED_DEVICE_FAMILY = "1,2";
				TEST_TARGET_NAME = "Flare for Reddit";
			};
			name = Debug;
		};
		6AF430192FB08100003952C7 /* Release */ = {
			isa = XCBuildConfiguration;
			buildSettings = {
				CODE_SIGN_STYLE = Automatic;
				CURRENT_PROJECT_VERSION = 1;
				DEVELOPMENT_TEAM = JP4TN5PTS3;
				GENERATE_INFOPLIST_FILE = YES;
				MARKETING_VERSION = 1.0;
				PRODUCT_BUNDLE_IDENTIFIER = "com.zzoutuo.Flare-for-Reddit.Flare-for-RedditUITests";
				PRODUCT_NAME = "$(TARGET_NAME)";
				STRING_CATALOG_GENERATE_SYMBOLS = NO;
				SWIFT_APPROACHABLE_CONCURRENCY = YES;
				SWIFT_EMIT_LOC_STRINGS = NO;
				SWIFT_UPCOMING_FEATURE_MEMBER_IMPORT_VISIBILITY = YES;
				SWIFT_VERSION = 5.0;
				TARGETED_DEVICE_FAMILY = "1,2";
				TEST_TARGET_NAME = "Flare for Reddit";
			};
			name = Release;
		};
/* End XCBuildConfiguration section */

/* Begin XCConfigurationList section */
		6AF42FEB2FB080FF003952C7 /* Build configuration list for PBXProject "Flare for Reddit" */ = {
			isa = XCConfigurationList;
			buildConfigurations = (
				6AF4300F2FB08100003952C7 /* Debug */,
				6AF430102FB08100003952C7 /* Release */,
			);
			defaultConfigurationIsVisible = 0;
			defaultConfigurationName = Release;
		};
		6AF430112FB08100003952C7 /* Build configuration list for PBXNativeTarget "Flare for Reddit" */ = {
			isa = XCConfigurationList;
			buildConfigurations = (
				6AF430122FB08100003952C7 /* Debug */,
				6AF430132FB08100003952C7 /* Release */,
			);
			defaultConfigurationIsVisible = 0;
			defaultConfigurationName = Release;
		};
		6AF430142FB08100003952C7 /* Build configuration list for PBXNativeTarget "Flare for RedditTests" */ = {
			isa = XCConfigurationList;
			buildConfigurations = (
				6AF430152FB08100003952C7 /* Debug */,
				6AF430162FB08100003952C7 /* Release */,
			);
			defaultConfigurationIsVisible = 0;
			defaultConfigurationName = Release;
		};
		6AF430172FB08100003952C7 /* Build configuration list for PBXNativeTarget "Flare for RedditUITests" */ = {
			isa = XCConfigurationList;
			buildConfigurations = (
				6AF430182FB08100003952C7 /* Debug */,
				6AF430192FB08100003952C7 /* Release */,
			);
			defaultConfigurationIsVisible = 0;
			defaultConfigurationName = Release;
		};
/* End XCConfigurationList section */
	};
	rootObject = 6AF42FE82FB080FF003952C7 /* Project object */;
}
